
Microsoft Visual Studio Solution File, Format Version 12.00
# Visual Studio Version 17
VisualStudioVersion = 17.6.33815.320
MinimumVisualStudioVersion = 10.0.40219.1
Project("{FAE04EC0-301F-11D3-BF4B-00C04F79EFBC}") = "BulkyWeb", "BulkyWeb\BulkyWeb.csproj", "{01D07D9F-613E-4F1C-9AA8-DED47380B525}"
EndProject
Global
	GlobalSection(SolutionConfigurationPlatforms) = preSolution
		Debug|Any CPU = Debug|Any CPU
		Release|Any CPU = Release|Any CPU
	EndGlobalSection
	GlobalSection(ProjectConfigurationPlatforms) = postSolution
		{01D07D9F-613E-4F1C-9AA8-DED47380B525}.Debug|Any CPU.ActiveCfg = Debug|Any CPU
		{01D07D9F-613E-4F1C-9AA8-DED47380B525}.Debug|Any CPU.Build.0 = Debug|Any CPU
		{01D07D9F-613E-4F1C-9AA8-DED47380B525}.Release|Any CPU.ActiveCfg = Release|Any CPU
		{01D07D9F-613E-4F1C-9AA8-DED47380B525}.Release|Any CPU.Build.0 = Release|Any CPU
	EndGlobalSection
	GlobalSection(SolutionProperties) = preSolution
		HideSolutionNode = FALSE
	EndGlobalSection
	GlobalSection(ExtensibilityGlobals) = postSolution
		SolutionGuid = {DF3E1AE6-E3F1-4418-8913-0B06C6B1CA6B}
	EndGlobalSection
EndGlobal
